
Microsoft Visual Studio Solution File, Format Version 12.00
# Visual Studio 15
VisualStudioVersion = 15.0.26124.0
MinimumVisualStudioVersion = 15.0.26124.0
Project("{FAE04EC0-301F-11D3-BF4B-00C04F79EFBC}") = "EPAM.CoreWorkshop.ReportHelper", "EPAM.CoreWorkshop.ReportHelper\EPAM.CoreWorkshop.ReportHelper.csproj", "{248FF6E6-744E-41BC-8713-45E9642F0631}"
EndProject
Project("{FAE04EC0-301F-11D3-BF4B-00C04F79EFBC}") = "EPAM.CoreWorkshop.ReportHelper.Tests", "EPAM.CoreWorkshop.ReportHelper.Tests\EPAM.CoreWorkshop.ReportHelper.Tests.csproj", "{0764D06D-6894-4042-A28E-C147002CE28B}"
EndProject
Project("{FAE04EC0-301F-11D3-BF4B-00C04F79EFBC}") = "EPAM.CoreWorkshop.TestConsoleApp", "EPAM.CoreWorkshop.TestConsoleApp\EPAM.CoreWorkshop.TestConsoleApp.csproj", "{3F216180-1854-4CF9-BBC4-B2382D3B8B14}"
EndProject
Project("{FAE04EC0-301F-11D3-BF4B-00C04F79EFBC}") = "EPAM.CoreWorkshop.NorthwindLib", "EPAM.CoreWorkshop.NorthwindLib\EPAM.CoreWorkshop.NorthwindLib.csproj", "{5F8853CF-4888-4A94-BFCC-1F954BF18B6F}"
EndProject
Project("{FAE04EC0-301F-11D3-BF4B-00C04F79EFBC}") = "EPAM.CoreWorkshop.NorthwindLib.Tests", "EPAM.CoreWorkshop.NorthwindLib.Tests\EPAM.CoreWorkshop.NorthwindLib.Tests.csproj", "{B7A139DF-09C5-4813-9CCC-7FB1D9A8ABCF}"
EndProject
Global
	GlobalSection(SolutionConfigurationPlatforms) = preSolution
		Debug|Any CPU = Debug|Any CPU
		Debug|x64 = Debug|x64
		Debug|x86 = Debug|x86
		Release|Any CPU = Release|Any CPU
		Release|x64 = Release|x64
		Release|x86 = Release|x86
	EndGlobalSection
	GlobalSection(SolutionProperties) = preSolution
		HideSolutionNode = FALSE
	EndGlobalSection
	GlobalSection(ProjectConfigurationPlatforms) = postSolution
		{248FF6E6-744E-41BC-8713-45E9642F0631}.Debug|Any CPU.ActiveCfg = Debug|Any CPU
		{248FF6E6-744E-41BC-8713-45E9642F0631}.Debug|Any CPU.Build.0 = Debug|Any CPU
		{248FF6E6-744E-41BC-8713-45E9642F0631}.Debug|x64.ActiveCfg = Debug|Any CPU
		{248FF6E6-744E-41BC-8713-45E9642F0631}.Debug|x64.Build.0 = Debug|Any CPU
		{248FF6E6-744E-41BC-8713-45E9642F0631}.Debug|x86.ActiveCfg = Debug|Any CPU
		{248FF6E6-744E-41BC-8713-45E9642F0631}.Debug|x86.Build.0 = Debug|Any CPU
		{248FF6E6-744E-41BC-8713-45E9642F0631}.Release|Any CPU.ActiveCfg = Release|Any CPU
		{248FF6E6-744E-41BC-8713-45E9642F0631}.Release|Any CPU.Build.0 = Release|Any CPU
		{248FF6E6-744E-41BC-8713-45E9642F0631}.Release|x64.ActiveCfg = Release|Any CPU
		{248FF6E6-744E-41BC-8713-45E9642F0631}.Release|x64.Build.0 = Release|Any CPU
		{248FF6E6-744E-41BC-8713-45E9642F0631}.Release|x86.ActiveCfg = Release|Any CPU
		{248FF6E6-744E-41BC-8713-45E9642F0631}.Release|x86.Build.0 = Release|Any CPU
		{0764D06D-6894-4042-A28E-C147002CE28B}.Debug|Any CPU.ActiveCfg = Debug|Any CPU
		{0764D06D-6894-4042-A28E-C147002CE28B}.Debug|Any CPU.Build.0 = Debug|Any CPU
		{0764D06D-6894-4042-A28E-C147002CE28B}.Debug|x64.ActiveCfg = Debug|Any CPU
		{0764D06D-6894-4042-A28E-C147002CE28B}.Debug|x64.Build.0 = Debug|Any CPU
		{0764D06D-6894-4042-A28E-C147002CE28B}.Debug|x86.ActiveCfg = Debug|Any CPU
		{0764D06D-6894-4042-A28E-C147002CE28B}.Debug|x86.Build.0 = Debug|Any CPU
		{0764D06D-6894-4042-A28E-C147002CE28B}.Release|Any CPU.ActiveCfg = Release|Any CPU
		{0764D06D-6894-4042-A28E-C147002CE28B}.Release|Any CPU.Build.0 = Release|Any CPU
		{0764D06D-6894-4042-A28E-C147002CE28B}.Release|x64.ActiveCfg = Release|Any CPU
		{0764D06D-6894-4042-A28E-C147002CE28B}.Release|x64.Build.0 = Release|Any CPU
		{0764D06D-6894-4042-A28E-C147002CE28B}.Release|x86.ActiveCfg = Release|Any CPU
		{0764D06D-6894-4042-A28E-C147002CE28B}.Release|x86.Build.0 = Release|Any CPU
		{3F216180-1854-4CF9-BBC4-B2382D3B8B14}.Debug|Any CPU.ActiveCfg = Debug|Any CPU
		{3F216180-1854-4CF9-BBC4-B2382D3B8B14}.Debug|Any CPU.Build.0 = Debug|Any CPU
		{3F216180-1854-4CF9-BBC4-B2382D3B8B14}.Debug|x64.ActiveCfg = Debug|Any CPU
		{3F216180-1854-4CF9-BBC4-B2382D3B8B14}.Debug|x64.Build.0 = Debug|Any CPU
		{3F216180-1854-4CF9-BBC4-B2382D3B8B14}.Debug|x86.ActiveCfg = Debug|Any CPU
		{3F216180-1854-4CF9-BBC4-B2382D3B8B14}.Debug|x86.Build.0 = Debug|Any CPU
		{3F216180-1854-4CF9-BBC4-B2382D3B8B14}.Release|Any CPU.ActiveCfg = Release|Any CPU
		{3F216180-1854-4CF9-BBC4-B2382D3B8B14}.Release|Any CPU.Build.0 = Release|Any CPU
		{3F216180-1854-4CF9-BBC4-B2382D3B8B14}.Release|x64.ActiveCfg = Release|Any CPU
		{3F216180-1854-4CF9-BBC4-B2382D3B8B14}.Release|x64.Build.0 = Release|Any CPU
		{3F216180-1854-4CF9-BBC4-B2382D3B8B14}.Release|x86.ActiveCfg = Release|Any CPU
		{3F216180-1854-4CF9-BBC4-B2382D3B8B14}.Release|x86.Build.0 = Release|Any CPU
		{5F8853CF-4888-4A94-BFCC-1F954BF18B6F}.Debug|Any CPU.ActiveCfg = Debug|Any CPU
		{5F8853CF-4888-4A94-BFCC-1F954BF18B6F}.Debug|Any CPU.Build.0 = Debug|Any CPU
		{5F8853CF-4888-4A94-BFCC-1F954BF18B6F}.Debug|x64.ActiveCfg = Debug|Any CPU
		{5F8853CF-4888-4A94-BFCC-1F954BF18B6F}.Debug|x64.Build.0 = Debug|Any CPU
		{5F8853CF-4888-4A94-BFCC-1F954BF18B6F}.Debug|x86.ActiveCfg = Debug|Any CPU
		{5F8853CF-4888-4A94-BFCC-1F954BF18B6F}.Debug|x86.Build.0 = Debug|Any CPU
		{5F8853CF-4888-4A94-BFCC-1F954BF18B6F}.Release|Any CPU.ActiveCfg = Release|Any CPU
		{5F8853CF-4888-4A94-BFCC-1F954BF18B6F}.Release|Any CPU.Build.0 = Release|Any CPU
		{5F8853CF-4888-4A94-BFCC-1F954BF18B6F}.Release|x64.ActiveCfg = Release|Any CPU
		{5F8853CF-4888-4A94-BFCC-1F954BF18B6F}.Release|x64.Build.0 = Release|Any CPU
		{5F8853CF-4888-4A94-BFCC-1F954BF18B6F}.Release|x86.ActiveCfg = Release|Any CPU
		{5F8853CF-4888-4A94-BFCC-1F954BF18B6F}.Release|x86.Build.0 = Release|Any CPU
		{B7A139DF-09C5-4813-9CCC-7FB1D9A8ABCF}.Debug|Any CPU.ActiveCfg = Debug|Any CPU
		{B7A139DF-09C5-4813-9CCC-7FB1D9A8ABCF}.Debug|Any CPU.Build.0 = Debug|Any CPU
		{B7A139DF-09C5-4813-9CCC-7FB1D9A8ABCF}.Debug|x64.ActiveCfg = Debug|Any CPU
		{B7A139DF-09C5-4813-9CCC-7FB1D9A8ABCF}.Debug|x64.Build.0 = Debug|Any CPU
		{B7A139DF-09C5-4813-9CCC-7FB1D9A8ABCF}.Debug|x86.ActiveCfg = Debug|Any CPU
		{B7A139DF-09C5-4813-9CCC-7FB1D9A8ABCF}.Debug|x86.Build.0 = Debug|Any CPU
		{B7A139DF-09C5-4813-9CCC-7FB1D9A8ABCF}.Release|Any CPU.ActiveCfg = Release|Any CPU
		{B7A139DF-09C5-4813-9CCC-7FB1D9A8ABCF}.Release|Any CPU.Build.0 = Release|Any CPU
		{B7A139DF-09C5-4813-9CCC-7FB1D9A8ABCF}.Release|x64.ActiveCfg = Release|Any CPU
		{B7A139DF-09C5-4813-9CCC-7FB1D9A8ABCF}.Release|x64.Build.0 = Release|Any CPU
		{B7A139DF-09C5-4813-9CCC-7FB1D9A8ABCF}.Release|x86.ActiveCfg = Release|Any CPU
		{B7A139DF-09C5-4813-9CCC-7FB1D9A8ABCF}.Release|x86.Build.0 = Release|Any CPU
	EndGlobalSection
EndGlobal
